<?xml version="1.0" encoding="utf-8"?>
<Project ToolsVersion="4.0" xmlns="http://schemas.microsoft.com/developer/msbuild/2003">
  <ItemGroup>
    <Filter Include="Application">
      <UniqueIdentifier>{e9debf57-68f6-4228-8562-9ecfa96d2612}</UniqueIdentifier>
    </Filter>
    <Filter Include="GameManager">
      <UniqueIdentifier>{eaf55b85-fdf6-42a3-ad2d-be3759584425}</UniqueIdentifier>
    </Filter>
  </ItemGroup>
  <ItemGroup>
    <ClInclude Include="SrwEngine.h" />
    <ClInclude Include="Application\ApplicationWin32.h">
      <Filter>Application</Filter>
    </ClInclude>
    <ClInclude Include="GameManager\AGame.h">
      <Filter>GameManager</Filter>
    </ClInclude>
    <ClInclude Include="GameManager\GameManager.h">
      <Filter>GameManager</Filter>
    </ClInclude>
  </ItemGroup>
  <ItemGroup>
    <ClCompile Include="Application\ApplicationWin32.cpp">
      <Filter>Application</Filter>
    </ClCompile>
    <ClCompile Include="GameManager\AGame.cpp">
      <Filter>GameManager</Filter>
    </ClCompile>
    <ClCompile Include="GameManager\GameManager.cpp">
      <Filter>GameManager</Filter>
    </ClCompile>
  </ItemGroup>
</Project>