
Microsoft Visual Studio Solution File, Format Version 12.00
# Visual Studio 14
VisualStudioVersion = 14.0.24720.0
MinimumVisualStudioVersion = 10.0.40219.1
Project("{2150E333-8FDC-42A3-9474-1A3956D46DE8}") = "Engine", "Engine", "{EFC3FFEF-6829-41C0-8F01-71C520567011}"
EndProject
Project("{8BC9CEB8-8B4A-11D0-8D11-00A0C91BC942}") = "SrwCore", "..\Sources\Engine\SrwCore\SrwCore.vcxproj", "{9739407D-8868-4BE4-BA4B-901E2AF7C541}"
EndProject
Project("{8BC9CEB8-8B4A-11D0-8D11-00A0C91BC942}") = "SrwEngine", "..\Sources\Engine\SrwEngine\SrwEngine.vcxproj", "{915B8E2C-D94E-4D2A-BDD9-92A383A3E86D}"
EndProject
Project("{8BC9CEB8-8B4A-11D0-8D11-00A0C91BC942}") = "SrwRHI", "..\Sources\Engine\SrwRHI\SrwRHI.vcxproj", "{A34B3B79-6978-4643-BEE5-9E9502350712}"
EndProject
Project("{2150E333-8FDC-42A3-9474-1A3956D46DE8}") = "Samples", "Samples", "{B017EE4F-819F-417B-81B8-C3225A84207B}"
EndProject
Project("{8BC9CEB8-8B4A-11D0-8D11-00A0C91BC942}") = "HelloWorld", "..\Sources\Samples\HelloWorld\HelloWorld.vcxproj", "{A5B71EF4-6C9A-4148-BE0F-2F52D055712A}"
	ProjectSection(ProjectDependencies) = postProject
		{915B8E2C-D94E-4D2A-BDD9-92A383A3E86D} = {915B8E2C-D94E-4D2A-BDD9-92A383A3E86D}
	EndProjectSection
EndProject
Global
	GlobalSection(SolutionConfigurationPlatforms) = preSolution
		Debug|x64 = Debug|x64
		Debug|x86 = Debug|x86
		Release|x64 = Release|x64
		Release|x86 = Release|x86
	EndGlobalSection
	GlobalSection(ProjectConfigurationPlatforms) = postSolution
		{9739407D-8868-4BE4-BA4B-901E2AF7C541}.Debug|x64.ActiveCfg = Debug|x64
		{9739407D-8868-4BE4-BA4B-901E2AF7C541}.Debug|x64.Build.0 = Debug|x64
		{9739407D-8868-4BE4-BA4B-901E2AF7C541}.Debug|x86.ActiveCfg = Debug|Win32
		{9739407D-8868-4BE4-BA4B-901E2AF7C541}.Debug|x86.Build.0 = Debug|Win32
		{9739407D-8868-4BE4-BA4B-901E2AF7C541}.Release|x64.ActiveCfg = Release|x64
		{9739407D-8868-4BE4-BA4B-901E2AF7C541}.Release|x64.Build.0 = Release|x64
		{9739407D-8868-4BE4-BA4B-901E2AF7C541}.Release|x86.ActiveCfg = Release|Win32
		{9739407D-8868-4BE4-BA4B-901E2AF7C541}.Release|x86.Build.0 = Release|Win32
		{915B8E2C-D94E-4D2A-BDD9-92A383A3E86D}.Debug|x64.ActiveCfg = Debug|x64
		{915B8E2C-D94E-4D2A-BDD9-92A383A3E86D}.Debug|x64.Build.0 = Debug|x64
		{915B8E2C-D94E-4D2A-BDD9-92A383A3E86D}.Debug|x86.ActiveCfg = Debug|Win32
		{915B8E2C-D94E-4D2A-BDD9-92A383A3E86D}.Debug|x86.Build.0 = Debug|Win32
		{915B8E2C-D94E-4D2A-BDD9-92A383A3E86D}.Release|x64.ActiveCfg = Release|x64
		{915B8E2C-D94E-4D2A-BDD9-92A383A3E86D}.Release|x64.Build.0 = Release|x64
		{915B8E2C-D94E-4D2A-BDD9-92A383A3E86D}.Release|x86.ActiveCfg = Release|Win32
		{915B8E2C-D94E-4D2A-BDD9-92A383A3E86D}.Release|x86.Build.0 = Release|Win32
		{A34B3B79-6978-4643-BEE5-9E9502350712}.Debug|x64.ActiveCfg = Debug|x64
		{A34B3B79-6978-4643-BEE5-9E9502350712}.Debug|x64.Build.0 = Debug|x64
		{A34B3B79-6978-4643-BEE5-9E9502350712}.Debug|x86.ActiveCfg = Debug|Win32
		{A34B3B79-6978-4643-BEE5-9E9502350712}.Debug|x86.Build.0 = Debug|Win32
		{A34B3B79-6978-4643-BEE5-9E9502350712}.Release|x64.ActiveCfg = Release|x64
		{A34B3B79-6978-4643-BEE5-9E9502350712}.Release|x64.Build.0 = Release|x64
		{A34B3B79-6978-4643-BEE5-9E9502350712}.Release|x86.ActiveCfg = Release|Win32
		{A34B3B79-6978-4643-BEE5-9E9502350712}.Release|x86.Build.0 = Release|Win32
		{A5B71EF4-6C9A-4148-BE0F-2F52D055712A}.Debug|x64.ActiveCfg = Debug|x64
		{A5B71EF4-6C9A-4148-BE0F-2F52D055712A}.Debug|x64.Build.0 = Debug|x64
		{A5B71EF4-6C9A-4148-BE0F-2F52D055712A}.Debug|x86.ActiveCfg = Debug|Win32
		{A5B71EF4-6C9A-4148-BE0F-2F52D055712A}.Debug|x86.Build.0 = Debug|Win32
		{A5B71EF4-6C9A-4148-BE0F-2F52D055712A}.Release|x64.ActiveCfg = Release|x64
		{A5B71EF4-6C9A-4148-BE0F-2F52D055712A}.Release|x64.Build.0 = Release|x64
		{A5B71EF4-6C9A-4148-BE0F-2F52D055712A}.Release|x86.ActiveCfg = Release|Win32
		{A5B71EF4-6C9A-4148-BE0F-2F52D055712A}.Release|x86.Build.0 = Release|Win32
	EndGlobalSection
	GlobalSection(SolutionProperties) = preSolution
		HideSolutionNode = FALSE
	EndGlobalSection
	GlobalSection(NestedProjects) = preSolution
		{9739407D-8868-4BE4-BA4B-901E2AF7C541} = {EFC3FFEF-6829-41C0-8F01-71C520567011}
		{915B8E2C-D94E-4D2A-BDD9-92A383A3E86D} = {EFC3FFEF-6829-41C0-8F01-71C520567011}
		{A34B3B79-6978-4643-BEE5-9E9502350712} = {EFC3FFEF-6829-41C0-8F01-71C520567011}
		{A5B71EF4-6C9A-4148-BE0F-2F52D055712A} = {B017EE4F-819F-417B-81B8-C3225A84207B}
	EndGlobalSection
EndGlobal
